{
  "name": "nativescript-template-ng-groceries",
  "version": "4.0.0",
  "lockfileVersion": 1,
  "requires": true,
  "dependencies": {
    "angular-odata-es5": {
      "version": "0.8.0",
      "resolved": "https://registry.npmjs.org/angular-odata-es5/-/angular-odata-es5-0.8.0.tgz",
      "integrity": "sha512-L+f5sk9NumMEisX3iFkHQmAJ9barrLgcQaqkA5KBiHDJjGVmxgWHdE30b8NGgmPWCEpCqaKsoU4FyYHsQsQDSg==",
      "requires": {
        "linq-collections": "^1.0.254"
      }
    },
    "linq-collections": {
      "version": "1.0.254",
      "resolved": "https://registry.npmjs.org/linq-collections/-/linq-collections-1.0.254.tgz",
      "integrity": "sha512-SGg0LG+sNfAYm5c3QRPJhAi9I/MtY8e0TjfftsSlsqNKDJPTH22Bcsaq6vlTitgZEfXbY1yn9U9YgwoyGGH2PA=="
    }
  }
}
